RUSTDESK_BRIDGE_REPOSITORY=aminsh35322088-ctrl/RustDesk-Core-Lab
RUSTDESK_BRIDGE_RELEASE_TAG=bridge-contract-v4-aae33d2-bookworm-x86_64
RUSTDESK_BRIDGE_CORE_COMMIT=aae33d271c811e76b4699a151116fa795c7ecf9c
RUSTDESK_BRIDGE_ASSET=rustdesk-controller-bridge-bookworm-x86_64
RUSTDESK_BRIDGE_SHA256=8e945ff7479455a795ee05e73c0f512ded5fa4b49f2448ed9ecdb9c8739f70fd
RUSTDESK_BRIDGE_CONTRACT_VERSION=4
