RUSTDESK_BRIDGE_REPOSITORY=aminsh35322088-ctrl/RustDesk-Core-Lab
RUSTDESK_BRIDGE_RELEASE_TAG=bridge-contract-v2-e1d1368-bookworm-x86_64
RUSTDESK_BRIDGE_CORE_COMMIT=e1d1368cf8da57b48335110e74522fc92f97536a
RUSTDESK_BRIDGE_ASSET=rustdesk-controller-bridge-bookworm-x86_64
RUSTDESK_BRIDGE_SHA256=7543774b8053072a370be5884601bd99e5f500e3088f556bd0d126432a5714d4
RUSTDESK_BRIDGE_CONTRACT_VERSION=2
