RUSTDESK_BRIDGE_REPOSITORY=aminsh35322088-ctrl/RustDesk-Core-Lab
RUSTDESK_BRIDGE_RELEASE_TAG=bridge-contract-v3-ea67016-bookworm-x86_64
RUSTDESK_BRIDGE_CORE_COMMIT=ea67016a97a86e3e2ff14e6c2f88f23afc5a0e4c
RUSTDESK_BRIDGE_ASSET=rustdesk-controller-bridge-bookworm-x86_64
RUSTDESK_BRIDGE_SHA256=36997c0011b3cd0f5a07337cb2a6d0399ea0dda615e930ce76ac901369356ec8
RUSTDESK_BRIDGE_CONTRACT_VERSION=3
